
Microsoft Visual Studio Solution File, Format Version 12.00
Project("{FAE04EC0-301F-11D3-BF4B-00C04F79EFBC}") = "MajorasMaskTracker", "MajorasMaskTracker\MajorasMaskTracker.csproj", "{5DCE45F6-0786-42F3-9985-C438F18E03F0}"
EndProject
Project("{FAE04EC0-301F-11D3-BF4B-00C04F79EFBC}") = "BaseClasses", "..\CommonStuff\BaseClasses\BaseClasses.csproj", "{1EAA1C83-0A1A-4A72-97BF-8C103A156F91}"
EndProject
Project("{FAE04EC0-301F-11D3-BF4B-00C04F79EFBC}") = "WPFBase", "..\CommonStuff\WPFBase\WPFBase.csproj", "{54BB23F5-5BC5-41EC-8B07-13DAED266FB0}"
EndProject
Project("{FAE04EC0-301F-11D3-BF4B-00C04F79EFBC}") = "MajorasMaskTracker.UnitTest", "MajorasMaskTracker.UnitTest\MajorasMaskTracker.UnitTest.csproj", "{4CD1B0B2-BDF5-40C9-A256-2CDFA10FCBCE}"
EndProject
Global
	GlobalSection(SolutionConfigurationPlatforms) = preSolution
		Debug|Any CPU = Debug|Any CPU
		Release|Any CPU = Release|Any CPU
	EndGlobalSection
	GlobalSection(ProjectConfigurationPlatforms) = postSolution
		{5DCE45F6-0786-42F3-9985-C438F18E03F0}.Debug|Any CPU.ActiveCfg = Debug|Any CPU
		{5DCE45F6-0786-42F3-9985-C438F18E03F0}.Debug|Any CPU.Build.0 = Debug|Any CPU
		{5DCE45F6-0786-42F3-9985-C438F18E03F0}.Release|Any CPU.ActiveCfg = Release|Any CPU
		{5DCE45F6-0786-42F3-9985-C438F18E03F0}.Release|Any CPU.Build.0 = Release|Any CPU
		{1EAA1C83-0A1A-4A72-97BF-8C103A156F91}.Debug|Any CPU.ActiveCfg = Debug|Any CPU
		{1EAA1C83-0A1A-4A72-97BF-8C103A156F91}.Debug|Any CPU.Build.0 = Debug|Any CPU
		{1EAA1C83-0A1A-4A72-97BF-8C103A156F91}.Release|Any CPU.ActiveCfg = Release|Any CPU
		{1EAA1C83-0A1A-4A72-97BF-8C103A156F91}.Release|Any CPU.Build.0 = Release|Any CPU
		{54BB23F5-5BC5-41EC-8B07-13DAED266FB0}.Debug|Any CPU.ActiveCfg = Debug|Any CPU
		{54BB23F5-5BC5-41EC-8B07-13DAED266FB0}.Debug|Any CPU.Build.0 = Debug|Any CPU
		{54BB23F5-5BC5-41EC-8B07-13DAED266FB0}.Release|Any CPU.ActiveCfg = Release|Any CPU
		{54BB23F5-5BC5-41EC-8B07-13DAED266FB0}.Release|Any CPU.Build.0 = Release|Any CPU
		{4CD1B0B2-BDF5-40C9-A256-2CDFA10FCBCE}.Debug|Any CPU.ActiveCfg = Debug|Any CPU
		{4CD1B0B2-BDF5-40C9-A256-2CDFA10FCBCE}.Debug|Any CPU.Build.0 = Debug|Any CPU
		{4CD1B0B2-BDF5-40C9-A256-2CDFA10FCBCE}.Release|Any CPU.ActiveCfg = Release|Any CPU
		{4CD1B0B2-BDF5-40C9-A256-2CDFA10FCBCE}.Release|Any CPU.Build.0 = Release|Any CPU
	EndGlobalSection
EndGlobal
